
Microsoft Visual Studio Solution File, Format Version 12.00
Project("{FAE04EC0-301F-11D3-BF4B-00C04F79EFBC}") = "BDGraphDetour", "BDGraphDetour\BDGraphDetour.csproj", "{0A2DC5DA-916F-4FA1-B973-CCC3F282E998}"
EndProject
Global
	GlobalSection(SolutionConfigurationPlatforms) = preSolution
		Debug|Any CPU = Debug|Any CPU
		Release|Any CPU = Release|Any CPU
	EndGlobalSection
	GlobalSection(ProjectConfigurationPlatforms) = postSolution
		{0A2DC5DA-916F-4FA1-B973-CCC3F282E998}.Debug|Any CPU.ActiveCfg = Debug|Any CPU
		{0A2DC5DA-916F-4FA1-B973-CCC3F282E998}.Debug|Any CPU.Build.0 = Debug|Any CPU
		{0A2DC5DA-916F-4FA1-B973-CCC3F282E998}.Release|Any CPU.ActiveCfg = Release|Any CPU
		{0A2DC5DA-916F-4FA1-B973-CCC3F282E998}.Release|Any CPU.Build.0 = Release|Any CPU
	EndGlobalSection
EndGlobal
