
Microsoft Visual Studio Solution File, Format Version 12.00
Project("{FAE04EC0-301F-11D3-BF4B-00C04F79EFBC}") = "BDTreeDetour", "BDTreeDetour\BDTreeDetour.csproj", "{F49A7BD4-1600-4FF4-885F-9322C381D165}"
EndProject
Global
	GlobalSection(SolutionConfigurationPlatforms) = preSolution
		Debug|Any CPU = Debug|Any CPU
		Release|Any CPU = Release|Any CPU
	EndGlobalSection
	GlobalSection(ProjectConfigurationPlatforms) = postSolution
		{F49A7BD4-1600-4FF4-885F-9322C381D165}.Debug|Any CPU.ActiveCfg = Debug|Any CPU
		{F49A7BD4-1600-4FF4-885F-9322C381D165}.Debug|Any CPU.Build.0 = Debug|Any CPU
		{F49A7BD4-1600-4FF4-885F-9322C381D165}.Release|Any CPU.ActiveCfg = Release|Any CPU
		{F49A7BD4-1600-4FF4-885F-9322C381D165}.Release|Any CPU.Build.0 = Release|Any CPU
	EndGlobalSection
EndGlobal
